{
    "_meta": {
        "hash": {
            "sha256": "e0b70aad956d2935aabac611a8a9924a6abb062a2dd905b51263cc55364f441a"
        },
        "pipfile-spec": 6,
        "requires": {
            "python_version": "3.10"
        },
        "sources": [
            {
                "name": "pypi",
                "url": "https://pypi.org/simple",
                "verify_ssl": true
            }
        ]
    },
    "default": {
        "docopt": {
            "hashes": [
                "sha256:49b3a825280bd66b3aa83585ef59c4a8c82f2c8a522dbe754a8bc8d08c85c491"
            ],
            "index": "pypi",
            "version": "==0.6.2"
        },
        "pyserial": {
            "hashes": [
                "sha256:3c77e014170dfffbd816e6ffc205e9842efb10be9f58ec16d3e8675b4925cddb",
                "sha256:c4451db6ba391ca6ca299fb3ec7bae67a5c55dde170964c7a14ceefec02f2cf0"
            ],
            "index": "pypi",
            "version": "==3.5"
        },
        "uflash": {
            "hashes": [
                "sha256:92f7f51e00e9f48cf818226e375017b103715511e27817c80943f747a5ebecd8"
            ],
            "index": "pypi",
            "version": "==1.2.4"
        }
    },
    "develop": {}
}
